
Microsoft Visual Studio Solution File, Format Version 12.00
Project("{FAE04EC0-301F-11D3-BF4B-00C04F79EFBC}") = "EmpruntIUT", "EmpruntIUT\EmpruntIUT.csproj", "{1DF3E391-70E0-4E13-AC19-151136977529}"
EndProject
Global
	GlobalSection(SolutionConfigurationPlatforms) = preSolution
		Debug|Any CPU = Debug|Any CPU
		Release|Any CPU = Release|Any CPU
	EndGlobalSection
	GlobalSection(ProjectConfigurationPlatforms) = postSolution
		{1DF3E391-70E0-4E13-AC19-151136977529}.Debug|Any CPU.ActiveCfg = Debug|Any CPU
		{1DF3E391-70E0-4E13-AC19-151136977529}.Debug|Any CPU.Build.0 = Debug|Any CPU
		{1DF3E391-70E0-4E13-AC19-151136977529}.Release|Any CPU.ActiveCfg = Release|Any CPU
		{1DF3E391-70E0-4E13-AC19-151136977529}.Release|Any CPU.Build.0 = Release|Any CPU
	EndGlobalSection
EndGlobal
